
Microsoft Visual Studio Solution File, Format Version 12.00
# Visual Studio Version 17
VisualStudioVersion = 17.14.36915.13 d17.14
MinimumVisualStudioVersion = 10.0.40219.1
Project("{FAE04EC0-301F-11D3-BF4B-00C04F79EFBC}") = "listaLogica-Marcio", "listaLogica-Marcio.csproj", "{F6EB126B-5AF0-4552-9DA3-52EF6919189F}"
EndProject
Global
	GlobalSection(SolutionConfigurationPlatforms) = preSolution
		Debug|Any CPU = Debug|Any CPU
		Release|Any CPU = Release|Any CPU
	EndGlobalSection
	GlobalSection(ProjectConfigurationPlatforms) = postSolution
		{F6EB126B-5AF0-4552-9DA3-52EF6919189F}.Debug|Any CPU.ActiveCfg = Debug|Any CPU
		{F6EB126B-5AF0-4552-9DA3-52EF6919189F}.Debug|Any CPU.Build.0 = Debug|Any CPU
		{F6EB126B-5AF0-4552-9DA3-52EF6919189F}.Release|Any CPU.ActiveCfg = Release|Any CPU
		{F6EB126B-5AF0-4552-9DA3-52EF6919189F}.Release|Any CPU.Build.0 = Release|Any CPU
	EndGlobalSection
	GlobalSection(SolutionProperties) = preSolution
		HideSolutionNode = FALSE
	EndGlobalSection
	GlobalSection(ExtensibilityGlobals) = postSolution
		SolutionGuid = {CCF6837E-01C8-487D-9401-C874A45795CA}
	EndGlobalSection
EndGlobal
